<?xml version="1.0" encoding="utf-8"?>
<Project ToolsVersion="4.0" xmlns="http://schemas.microsoft.com/developer/msbuild/2003">
  <ItemGroup>
    <Filter Include="GameOfLife">
      <UniqueIdentifier>{28764784-bd26-4789-9d62-9b7476fa27c1}</UniqueIdentifier>
    </Filter>
    <Filter Include="Utility">
      <UniqueIdentifier>{a5d1fcfa-7f5e-4564-ac05-a52b9feee236}</UniqueIdentifier>
    </Filter>
    <Filter Include="GameOfLife\Renderers">
      <UniqueIdentifier>{fa7d6cda-760d-40d7-813a-453dcecccbfd}</UniqueIdentifier>
    </Filter>
  </ItemGroup>
  <ItemGroup>
    <ClCompile Include="GameOfLife\SubGrid.cpp">
      <Filter>GameOfLife</Filter>
    </ClCompile>
    <ClCompile Include="GameOfLife\SubgridGraph.cpp">
      <Filter>GameOfLife</Filter>
    </ClCompile>
    <ClCompile Include="GameOfLife\SubgridStorage.cpp">
      <Filter>GameOfLife</Filter>
    </ClCompile>
    <ClCompile Include="GameOfLife\Renderers\ConsoleStateRenderer.cpp">
      <Filter>GameOfLife\Renderers</Filter>
    </ClCompile>
    <ClCompile Include="CinderMain.cpp" />
    <ClCompile Include="GameOfLife\AdjacencyIndex.cpp">
      <Filter>GameOfLife</Filter>
    </ClCompile>
    <ClCompile Include="GameOfLife\SparseGrid.cpp">
      <Filter>GameOfLife</Filter>
    </ClCompile>
    <ClCompile Include="GameOfLife\DebugGridDumper.cpp">
      <Filter>GameOfLife</Filter>
    </ClCompile>
  </ItemGroup>
  <ItemGroup>
    <ClInclude Include="GameOfLife\Cell.h">
      <Filter>GameOfLife</Filter>
    </ClInclude>
    <ClInclude Include="GameOfLife\SubGrid.h">
      <Filter>GameOfLife</Filter>
    </ClInclude>
    <ClInclude Include="GameOfLife\RectangularGrid.h">
      <Filter>GameOfLife</Filter>
    </ClInclude>
    <ClInclude Include="GameOfLife\SubgridGraph.h">
      <Filter>GameOfLife</Filter>
    </ClInclude>
    <ClInclude Include="Utility\Hash.h">
      <Filter>Utility</Filter>
    </ClInclude>
    <ClInclude Include="GameOfLife\AdjacencyIndex.h">
      <Filter>GameOfLife</Filter>
    </ClInclude>
    <ClInclude Include="GameOfLife\SubgridStorage.h">
      <Filter>GameOfLife</Filter>
    </ClInclude>
    <ClInclude Include="Utility\AlignedMemoryPool.h">
      <Filter>Utility</Filter>
    </ClInclude>
    <ClInclude Include="GameOfLIfe\CoordinateTypeHash.h">
      <Filter>GameOfLife</Filter>
    </ClInclude>
    <ClInclude Include="GameOfLife\Renderers\ConsoleStateRenderer.h">
      <Filter>GameOfLife\Renderers</Filter>
    </ClInclude>
    <ClInclude Include="GameOfLife\Renderers\CinderRenderer.h">
      <Filter>GameOfLife\Renderers</Filter>
    </ClInclude>
    <ClInclude Include="GameOfLife\Renderers\CinderRenderer_Shaders.h">
      <Filter>GameOfLife\Renderers</Filter>
    </ClInclude>
    <ClInclude Include="GameOfLife\SparseGrid.h">
      <Filter>GameOfLife</Filter>
    </ClInclude>
    <ClInclude Include="GameOfLife\DebugGridDumper.h">
      <Filter>GameOfLife</Filter>
    </ClInclude>
  </ItemGroup>
</Project>